
Microsoft Visual Studio Solution File, Format Version 12.00
# Visual Studio Version 16
VisualStudioVersion = 16.0.28917.181
MinimumVisualStudioVersion = 10.0.40219.1
Project("{FAE04EC0-301F-11D3-BF4B-00C04F79EFBC}") = "TreeOfLifeApp.Android", "TreeOfLifeApp\TreeOfLifeApp.Android\TreeOfLifeApp.Android.csproj", "{DDBAF43A-7172-4AFC-9978-86A920944FFC}"
EndProject
Project("{FAE04EC0-301F-11D3-BF4B-00C04F79EFBC}") = "TreeOfLifeApp.iOS", "TreeOfLifeApp\TreeOfLifeApp.iOS\TreeOfLifeApp.iOS.csproj", "{E47EF6EB-BA62-437D-B263-FCD242F4E630}"
EndProject
Project("{FAE04EC0-301F-11D3-BF4B-00C04F79EFBC}") = "TreeOfLifeApp", "TreeOfLifeApp\TreeOfLifeApp\TreeOfLifeApp.csproj", "{3BB5D21E-20BF-4328-91EB-A4A6B38DE672}"
EndProject
Global
	GlobalSection(SolutionConfigurationPlatforms) = preSolution
		Debug|Any CPU = Debug|Any CPU
		Debug|iPhone = Debug|iPhone
		Debug|iPhoneSimulator = Debug|iPhoneSimulator
		Release|Any CPU = Release|Any CPU
		Release|iPhone = Release|iPhone
		Release|iPhoneSimulator = Release|iPhoneSimulator
	EndGlobalSection
	GlobalSection(ProjectConfigurationPlatforms) = postSolution
		{DDBAF43A-7172-4AFC-9978-86A920944FFC}.Debug|Any CPU.ActiveCfg = Debug|Any CPU
		{DDBAF43A-7172-4AFC-9978-86A920944FFC}.Debug|Any CPU.Build.0 = Debug|Any CPU
		{DDBAF43A-7172-4AFC-9978-86A920944FFC}.Debug|Any CPU.Deploy.0 = Debug|Any CPU
		{DDBAF43A-7172-4AFC-9978-86A920944FFC}.Debug|iPhone.ActiveCfg = Debug|Any CPU
		{DDBAF43A-7172-4AFC-9978-86A920944FFC}.Debug|iPhone.Build.0 = Debug|Any CPU
		{DDBAF43A-7172-4AFC-9978-86A920944FFC}.Debug|iPhone.Deploy.0 = Debug|Any CPU
		{DDBAF43A-7172-4AFC-9978-86A920944FFC}.Debug|iPhoneSimulator.ActiveCfg = Debug|Any CPU
		{DDBAF43A-7172-4AFC-9978-86A920944FFC}.Debug|iPhoneSimulator.Build.0 = Debug|Any CPU
		{DDBAF43A-7172-4AFC-9978-86A920944FFC}.Debug|iPhoneSimulator.Deploy.0 = Debug|Any CPU
		{DDBAF43A-7172-4AFC-9978-86A920944FFC}.Release|Any CPU.ActiveCfg = Release|Any CPU
		{DDBAF43A-7172-4AFC-9978-86A920944FFC}.Release|Any CPU.Build.0 = Release|Any CPU
		{DDBAF43A-7172-4AFC-9978-86A920944FFC}.Release|Any CPU.Deploy.0 = Release|Any CPU
		{DDBAF43A-7172-4AFC-9978-86A920944FFC}.Release|iPhone.ActiveCfg = Release|Any CPU
		{DDBAF43A-7172-4AFC-9978-86A920944FFC}.Release|iPhone.Build.0 = Release|Any CPU
		{DDBAF43A-7172-4AFC-9978-86A920944FFC}.Release|iPhone.Deploy.0 = Release|Any CPU
		{DDBAF43A-7172-4AFC-9978-86A920944FFC}.Release|iPhoneSimulator.ActiveCfg = Release|Any CPU
		{DDBAF43A-7172-4AFC-9978-86A920944FFC}.Release|iPhoneSimulator.Build.0 = Release|Any CPU
		{DDBAF43A-7172-4AFC-9978-86A920944FFC}.Release|iPhoneSimulator.Deploy.0 = Release|Any CPU
		{E47EF6EB-BA62-437D-B263-FCD242F4E630}.Debug|Any CPU.ActiveCfg = Debug|iPhoneSimulator
		{E47EF6EB-BA62-437D-B263-FCD242F4E630}.Debug|Any CPU.Build.0 = Debug|iPhoneSimulator
		{E47EF6EB-BA62-437D-B263-FCD242F4E630}.Debug|Any CPU.Deploy.0 = Debug|iPhoneSimulator
		{E47EF6EB-BA62-437D-B263-FCD242F4E630}.Debug|iPhone.ActiveCfg = Debug|iPhone
		{E47EF6EB-BA62-437D-B263-FCD242F4E630}.Debug|iPhone.Build.0 = Debug|iPhone
		{E47EF6EB-BA62-437D-B263-FCD242F4E630}.Debug|iPhone.Deploy.0 = Debug|iPhone
		{E47EF6EB-BA62-437D-B263-FCD242F4E630}.Debug|iPhoneSimulator.ActiveCfg = Debug|iPhoneSimulator
		{E47EF6EB-BA62-437D-B263-FCD242F4E630}.Debug|iPhoneSimulator.Build.0 = Debug|iPhoneSimulator
		{E47EF6EB-BA62-437D-B263-FCD242F4E630}.Debug|iPhoneSimulator.Deploy.0 = Debug|iPhoneSimulator
		{E47EF6EB-BA62-437D-B263-FCD242F4E630}.Release|Any CPU.ActiveCfg = Release|iPhone
		{E47EF6EB-BA62-437D-B263-FCD242F4E630}.Release|Any CPU.Build.0 = Release|iPhone
		{E47EF6EB-BA62-437D-B263-FCD242F4E630}.Release|Any CPU.Deploy.0 = Release|iPhone
		{E47EF6EB-BA62-437D-B263-FCD242F4E630}.Release|iPhone.ActiveCfg = Release|iPhone
		{E47EF6EB-BA62-437D-B263-FCD242F4E630}.Release|iPhone.Build.0 = Release|iPhone
		{E47EF6EB-BA62-437D-B263-FCD242F4E630}.Release|iPhone.Deploy.0 = Release|iPhone
		{E47EF6EB-BA62-437D-B263-FCD242F4E630}.Release|iPhoneSimulator.ActiveCfg = Release|iPhoneSimulator
		{E47EF6EB-BA62-437D-B263-FCD242F4E630}.Release|iPhoneSimulator.Build.0 = Release|iPhoneSimulator
		{E47EF6EB-BA62-437D-B263-FCD242F4E630}.Release|iPhoneSimulator.Deploy.0 = Release|iPhoneSimulator
		{3BB5D21E-20BF-4328-91EB-A4A6B38DE672}.Debug|Any CPU.ActiveCfg = Debug|Any CPU
		{3BB5D21E-20BF-4328-91EB-A4A6B38DE672}.Debug|Any CPU.Build.0 = Debug|Any CPU
		{3BB5D21E-20BF-4328-91EB-A4A6B38DE672}.Debug|Any CPU.Deploy.0 = Debug|Any CPU
		{3BB5D21E-20BF-4328-91EB-A4A6B38DE672}.Debug|iPhone.ActiveCfg = Debug|Any CPU
		{3BB5D21E-20BF-4328-91EB-A4A6B38DE672}.Debug|iPhone.Build.0 = Debug|Any CPU
		{3BB5D21E-20BF-4328-91EB-A4A6B38DE672}.Debug|iPhone.Deploy.0 = Debug|Any CPU
		{3BB5D21E-20BF-4328-91EB-A4A6B38DE672}.Debug|iPhoneSimulator.ActiveCfg = Debug|Any CPU
		{3BB5D21E-20BF-4328-91EB-A4A6B38DE672}.Debug|iPhoneSimulator.Build.0 = Debug|Any CPU
		{3BB5D21E-20BF-4328-91EB-A4A6B38DE672}.Debug|iPhoneSimulator.Deploy.0 = Debug|Any CPU
		{3BB5D21E-20BF-4328-91EB-A4A6B38DE672}.Release|Any CPU.ActiveCfg = Release|Any CPU
		{3BB5D21E-20BF-4328-91EB-A4A6B38DE672}.Release|Any CPU.Build.0 = Release|Any CPU
		{3BB5D21E-20BF-4328-91EB-A4A6B38DE672}.Release|Any CPU.Deploy.0 = Release|Any CPU
		{3BB5D21E-20BF-4328-91EB-A4A6B38DE672}.Release|iPhone.ActiveCfg = Release|Any CPU
		{3BB5D21E-20BF-4328-91EB-A4A6B38DE672}.Release|iPhone.Build.0 = Release|Any CPU
		{3BB5D21E-20BF-4328-91EB-A4A6B38DE672}.Release|iPhone.Deploy.0 = Release|Any CPU
		{3BB5D21E-20BF-4328-91EB-A4A6B38DE672}.Release|iPhoneSimulator.ActiveCfg = Release|Any CPU
		{3BB5D21E-20BF-4328-91EB-A4A6B38DE672}.Release|iPhoneSimulator.Build.0 = Release|Any CPU
		{3BB5D21E-20BF-4328-91EB-A4A6B38DE672}.Release|iPhoneSimulator.Deploy.0 = Release|Any CPU
	EndGlobalSection
	GlobalSection(SolutionProperties) = preSolution
		HideSolutionNode = FALSE
	EndGlobalSection
	GlobalSection(ExtensibilityGlobals) = postSolution
		SolutionGuid = {81D4BB73-9E05-42C5-8C84-9B43DE4AAA94}
	EndGlobalSection
EndGlobal
